// !$*UTF8*$!
{
	archiveVersion = 1;
	classes = {
	};
	objectVersion = 46;
	objects = {

/* Begin PBXBuildFile section */
		BE0938ED1A17959200F54174 /* main.m in Sources */ = {isa = PBXBuildFile; fileRef = BE0938EC1A17959200F54174 /* main.m */; };
		BE0938F01A17959200F54174 /* AppDelegate.m in Sources */ = {isa = PBXBuildFile; fileRef = BE0938EF1A17959200F54174 /* AppDelegate.m */; };
		BE0938F31A17959200F54174 /* ViewController.m in Sources */ = {isa = PBXBuildFile; fileRef = BE0938F21A17959200F54174 /* ViewController.m */; };
		BE0938F61A17959200F54174 /* Main.storyboard in Resources */ = {isa = PBXBuildFile; fileRef = BE0938F41A17959200F54174 /* Main.storyboard */; };
		BE0EC79C1A36EB8E00130CCA /* AnimView.m in Sources */ = {isa = PBXBuildFile; fileRef = BE0EC79B1A36EB8E00130CCA /* AnimView.m */; };
		BE0EC7A61A37286300130CCA /* AnimatedLabel.m in Sources */ = {isa = PBXBuildFile; fileRef = BE0EC7A51A37286300130CCA /* AnimatedLabel.m */; };
		BE964D4D1A17F76B00FBD87C /* example.gif in Resources */ = {isa = PBXBuildFile; fileRef = BE964D4C1A17F76B00FBD87C /* example.gif */; };
/* End PBXBuildFile section */

/* Begin PBXFileReference section */
		BE0938E71A17959200F54174 /* Example.app */ = {isa = PBXFileReference; explicitFileType = wrapper.application; includeInIndex = 0; path = Example.app; sourceTree = BUILT_PRODUCTS_DIR; };
		BE0938EB1A17959200F54174 /* Info.plist */ = {isa = PBXFileReference; lastKnownFileType = text.plist.xml; path = Info.plist; sourceTree = "<group>"; };
		BE0938EC1A17959200F54174 /* main.m */ = {isa = PBXFileReference; lastKnownFileType = sourcecode.c.objc; path = main.m; sourceTree = "<group>"; };
		BE0938EE1A17959200F54174 /* AppDelegate.h */ = {isa = PBXFileReference; lastKnownFileType = sourcecode.c.h; path = AppDelegate.h; sourceTree = "<group>"; };
		BE0938EF1A17959200F54174 /* AppDelegate.m */ = {isa = PBXFileReference; lastKnownFileType = sourcecode.c.objc; path = AppDelegate.m; sourceTree = "<group>"; };
		BE0938F11A17959200F54174 /* ViewController.h */ = {isa = PBXFileReference; lastKnownFileType = sourcecode.c.h; path = ViewController.h; sourceTree = "<group>"; };
		BE0938F21A17959200F54174 /* ViewController.m */ = {isa = PBXFileReference; lastKnownFileType = sourcecode.c.objc; path = ViewController.m; sourceTree = "<group>"; };
		BE0938F51A17959200F54174 /* Base */ = {isa = PBXFileReference; lastKnownFileType = file.storyboard; name = Base; path = Base.lproj/Main.storyboard; sourceTree = "<group>"; };
		BE0EC79A1A36EB8E00130CCA /* AnimView.h */ = {isa = PBXFileReference; fileEncoding = 4; lastKnownFileType = sourcecode.c.h; path = AnimView.h; sourceTree = "<group>"; };
		BE0EC79B1A36EB8E00130CCA /* AnimView.m */ = {isa = PBXFileReference; fileEncoding = 4; lastKnownFileType = sourcecode.c.objc; path = AnimView.m; sourceTree = "<group>"; };
		BE0EC7A41A37286300130CCA /* AnimatedLabel.h */ = {isa = PBXFileReference; fileEncoding = 4; lastKnownFileType = sourcecode.c.h; path = AnimatedLabel.h; sourceTree = "<group>"; };
		BE0EC7A51A37286300130CCA /* AnimatedLabel.m */ = {isa = PBXFileReference; fileEncoding = 4; lastKnownFileType = sourcecode.c.objc; path = AnimatedLabel.m; sourceTree = "<group>"; };
		BE964D4B1A17F3D700FBD87C /* README.md */ = {isa = PBXFileReference; lastKnownFileType = net.daringfireball.markdown; path = README.md; sourceTree = "<group>"; };
		BE964D4C1A17F76B00FBD87C /* example.gif */ = {isa = PBXFileReference; lastKnownFileType = image.gif; path = example.gif; sourceTree = "<group>"; };
/* End PBXFileReference section */

/* Begin PBXFrameworksBuildPhase section */
		BE0938E41A17959200F54174 /* Frameworks */ = {
			isa = PBXFrameworksBuildPhase;
			buildActionMask = 2147483647;
			files = (
			);
			runOnlyForDeploymentPostprocessing = 0;
		};
/* End PBXFrameworksBuildPhase section */

/* Begin PBXGroup section */
		BE0938DE1A17959200F54174 = {
			isa = PBXGroup;
			children = (
				BE0EC7A41A37286300130CCA /* AnimatedLabel.h */,
				BE0EC7A51A37286300130CCA /* AnimatedLabel.m */,
				BE0EC79A1A36EB8E00130CCA /* AnimView.h */,
				BE0EC79B1A36EB8E00130CCA /* AnimView.m */,
				BE964D4C1A17F76B00FBD87C /* example.gif */,
				BE964D4B1A17F3D700FBD87C /* README.md */,
				BE0938E91A17959200F54174 /* Example */,
				BE0938E81A17959200F54174 /* Products */,
			);
			sourceTree = "<group>";
		};
		BE0938E81A17959200F54174 /* Products */ = {
			isa = PBXGroup;
			children = (
				BE0938E71A17959200F54174 /* Example.app */,
			);
			name = Products;
			sourceTree = "<group>";
		};
		BE0938E91A17959200F54174 /* Example */ = {
			isa = PBXGroup;
			children = (
				BE0938F41A17959200F54174 /* Main.storyboard */,
				BE0938EE1A17959200F54174 /* AppDelegate.h */,
				BE0938EF1A17959200F54174 /* AppDelegate.m */,
				BE0938F11A17959200F54174 /* ViewController.h */,
				BE0938F21A17959200F54174 /* ViewController.m */,
				BE0938EA1A17959200F54174 /* Supporting Files */,
			);
			name = Example;
			path = AnimatedLabel;
			sourceTree = "<group>";
		};
		BE0938EA1A17959200F54174 /* Supporting Files */ = {
			isa = PBXGroup;
			children = (
				BE0938EB1A17959200F54174 /* Info.plist */,
				BE0938EC1A17959200F54174 /* main.m */,
			);
			name = "Supporting Files";
			sourceTree = "<group>";
		};
/* End PBXGroup section */

/* Begin PBXNativeTarget section */
		BE0938E61A17959200F54174 /* Example */ = {
			isa = PBXNativeTarget;
			buildConfigurationList = BE09390A1A17959200F54174 /* Build configuration list for PBXNativeTarget "Example" */;
			buildPhases = (
				BE0938E31A17959200F54174 /* Sources */,
				BE0938E41A17959200F54174 /* Frameworks */,
				BE0938E51A17959200F54174 /* Resources */,
			);
			buildRules = (
			);
			dependencies = (
			);
			name = Example;
			productName = AnimatedLabel;
			productReference = BE0938E71A17959200F54174 /* Example.app */;
			productType = "com.apple.product-type.application";
		};
/* End PBXNativeTarget section */

/* Begin PBXProject section */
		BE0938DF1A17959200F54174 /* Project object */ = {
			isa = PBXProject;
			attributes = {
				LastUpgradeCheck = 0610;
				ORGANIZATIONNAME = "Anders Borum";
				TargetAttributes = {
					BE0938E61A17959200F54174 = {
						CreatedOnToolsVersion = 6.1.1;
					};
				};
			};
			buildConfigurationList = BE0938E21A17959200F54174 /* Build configuration list for PBXProject "AnimatedLabel" */;
			compatibilityVersion = "Xcode 3.2";
			developmentRegion = English;
			hasScannedForEncodings = 0;
			knownRegions = (
				en,
				Base,
			);
			mainGroup = BE0938DE1A17959200F54174;
			productRefGroup = BE0938E81A17959200F54174 /* Products */;
			projectDirPath = "";
			projectRoot = "";
			targets = (
				BE0938E61A17959200F54174 /* Example */,
			);
		};
/* End PBXProject section */

/* Begin PBXResourcesBuildPhase section */
		BE0938E51A17959200F54174 /* Resources */ = {
			isa = PBXResourcesBuildPhase;
			buildActionMask = 2147483647;
			files = (
				BE0938F61A17959200F54174 /* Main.storyboard in Resources */,
				BE964D4D1A17F76B00FBD87C /* example.gif in Resources */,
			);
			runOnlyForDeploymentPostprocessing = 0;
		};
/* End PBXResourcesBuildPhase section */

/* Begin PBXSourcesBuildPhase section */
		BE0938E31A17959200F54174 /* Sources */ = {
			isa = PBXSourcesBuildPhase;
			buildActionMask = 2147483647;
			files = (
				BE0EC79C1A36EB8E00130CCA /* AnimView.m in Sources */,
				BE0938F31A17959200F54174 /* ViewController.m in Sources */,
				BE0EC7A61A37286300130CCA /* AnimatedLabel.m in Sources */,
				BE0938F01A17959200F54174 /* AppDelegate.m in Sources */,
				BE0938ED1A17959200F54174 /* main.m in Sources */,
			);
			runOnlyForDeploymentPostprocessing = 0;
		};
/* End PBXSourcesBuildPhase section */

/* Begin PBXVariantGroup section */
		BE0938F41A17959200F54174 /* Main.storyboard */ = {
			isa = PBXVariantGroup;
			children = (
				BE0938F51A17959200F54174 /* Base */,
			);
			name = Main.storyboard;
			sourceTree = "<group>";
		};
/* End PBXVariantGroup section */

/* Begin XCBuildConfiguration section */
		BE0939081A17959200F54174 /* Debug */ = {
			isa = XCBuildConfiguration;
			buildSettings = {
				ALWAYS_SEARCH_USER_PATHS = NO;
				CLANG_CXX_LANGUAGE_STANDARD = "gnu++0x";
				CLANG_CXX_LIBRARY = "libc++";
				CLANG_ENABLE_MODULES = YES;
				CLANG_ENABLE_OBJC_ARC = YES;
				CLANG_WARN_BOOL_CONVERSION = YES;
				CLANG_WARN_CONSTANT_CONVERSION = YES;
				CLANG_WARN_DIRECT_OBJC_ISA_USAGE = YES_ERROR;
				CLANG_WARN_EMPTY_BODY = YES;
				CLANG_WARN_ENUM_CONVERSION = YES;
				CLANG_WARN_INT_CONVERSION = YES;
				CLANG_WARN_OBJC_ROOT_CLASS = YES_ERROR;
				CLANG_WARN_UNREACHABLE_CODE = YES;
				CLANG_WARN__DUPLICATE_METHOD_MATCH = YES;
				"CODE_SIGN_IDENTITY[sdk=iphoneos*]" = "iPhone Developer";
				COPY_PHASE_STRIP = NO;
				ENABLE_STRICT_OBJC_MSGSEND = YES;
				GCC_C_LANGUAGE_STANDARD = gnu99;
				GCC_DYNAMIC_NO_PIC = NO;
				GCC_OPTIMIZATION_LEVEL = 0;
				GCC_PREPROCESSOR_DEFINITIONS = (
					"DEBUG=1",
					"$(inherited)",
				);
				GCC_SYMBOLS_PRIVATE_EXTERN = NO;
				GCC_WARN_64_TO_32_BIT_CONVERSION = YES;
				GCC_WARN_ABOUT_RETURN_TYPE = YES_ERROR;
				GCC_WARN_UNDECLARED_SELECTOR = YES;
				GCC_WARN_UNINITIALIZED_AUTOS = YES_AGGRESSIVE;
				GCC_WARN_UNUSED_FUNCTION = YES;
				GCC_WARN_UNUSED_VARIABLE = YES;
				IPHONEOS_DEPLOYMENT_TARGET = 8.1;
				MTL_ENABLE_DEBUG_INFO = YES;
				ONLY_ACTIVE_ARCH = YES;
				SDKROOT = iphoneos;
			};
			name = Debug;
		};
		BE0939091A17959200F54174 /* Release */ = {
			isa = XCBuildConfiguration;
			buildSettings = {
				ALWAYS_SEARCH_USER_PATHS = NO;
				CLANG_CXX_LANGUAGE_STANDARD = "gnu++0x";
				CLANG_CXX_LIBRARY = "libc++";
				CLANG_ENABLE_MODULES = YES;
				CLANG_ENABLE_OBJC_ARC = YES;
				CLANG_WARN_BOOL_CONVERSION = YES;
				CLANG_WARN_CONSTANT_CONVERSION = YES;
				CLANG_WARN_DIRECT_OBJC_ISA_USAGE = YES_ERROR;
				CLANG_WARN_EMPTY_BODY = YES;
				CLANG_WARN_ENUM_CONVERSION = YES;
				CLANG_WARN_INT_CONVERSION = YES;
				CLANG_WARN_OBJC_ROOT_CLASS = YES_ERROR;
				CLANG_WARN_UNREACHABLE_CODE = YES;
				CLANG_WARN__DUPLICATE_METHOD_MATCH = YES;
				"CODE_SIGN_IDENTITY[sdk=iphoneos*]" = "iPhone Developer";
				COPY_PHASE_STRIP = YES;
				ENABLE_NS_ASSERTIONS = NO;
				ENABLE_STRICT_OBJC_MSGSEND = YES;
				GCC_C_LANGUAGE_STANDARD = gnu99;
				GCC_WARN_64_TO_32_BIT_CONVERSION = YES;
				GCC_WARN_ABOUT_RETURN_TYPE = YES_ERROR;
				GCC_WARN_UNDECLARED_SELECTOR = YES;
				GCC_WARN_UNINITIALIZED_AUTOS = YES_AGGRESSIVE;
				GCC_WARN_UNUSED_FUNCTION = YES;
				GCC_WARN_UNUSED_VARIABLE = YES;
				IPHONEOS_DEPLOYMENT_TARGET = 8.1;
				MTL_ENABLE_DEBUG_INFO = NO;
				SDKROOT = iphoneos;
				VALIDATE_PRODUCT = YES;
			};
			name = Release;
		};
		BE09390B1A17959200F54174 /* Debug */ = {
			isa = XCBuildConfiguration;
			buildSettings = {
				ASSETCATALOG_COMPILER_APPICON_NAME = AppIcon;
				INFOPLIST_FILE = AnimatedLabel/Info.plist;
				LD_RUNPATH_SEARCH_PATHS = "$(inherited) @executable_path/Frameworks";
				PRODUCT_NAME = "$(TARGET_NAME)";
			};
			name = Debug;
		};
		BE09390C1A17959200F54174 /* Release */ = {
			isa = XCBuildConfiguration;
			buildSettings = {
				ASSETCATALOG_COMPILER_APPICON_NAME = AppIcon;
				INFOPLIST_FILE = AnimatedLabel/Info.plist;
				LD_RUNPATH_SEARCH_PATHS = "$(inherited) @executable_path/Frameworks";
				PRODUCT_NAME = "$(TARGET_NAME)";
			};
			name = Release;
		};
/* End XCBuildConfiguration section */

/* Begin XCConfigurationList section */
		BE0938E21A17959200F54174 /* Build configuration list for PBXProject "AnimatedLabel" */ = {
			isa = XCConfigurationList;
			buildConfigurations = (
				BE0939081A17959200F54174 /* Debug */,
				BE0939091A17959200F54174 /* Release */,
			);
			defaultConfigurationIsVisible = 0;
			defaultConfigurationName = Release;
		};
		BE09390A1A17959200F54174 /* Build configuration list for PBXNativeTarget "Example" */ = {
			isa = XCConfigurationList;
			buildConfigurations = (
				BE09390B1A17959200F54174 /* Debug */,
				BE09390C1A17959200F54174 /* Release */,
			);
			defaultConfigurationIsVisible = 0;
			defaultConfigurationName = Release;
		};
/* End XCConfigurationList section */
	};
	rootObject = BE0938DF1A17959200F54174 /* Project object */;
}
